
Microsoft Visual Studio Solution File, Format Version 12.00
# Visual Studio Version 17
VisualStudioVersion = 17.5.002.0
MinimumVisualStudioVersion = 10.0.40219.1
Project("{9A19103F-16F7-4668-BE54-9A1E7A4F7556}") = "MobileAppsAPI", "MobileAppsAPI.csproj", "{21305F7D-4431-4CB4-9FFF-007E021B06FF}"
EndProject
Global
	GlobalSection(SolutionConfigurationPlatforms) = preSolution
		Debug|Any CPU = Debug|Any CPU
		Release|Any CPU = Release|Any CPU
	EndGlobalSection
	GlobalSection(ProjectConfigurationPlatforms) = postSolution
		{21305F7D-4431-4CB4-9FFF-007E021B06FF}.Debug|Any CPU.ActiveCfg = Debug|Any CPU
		{21305F7D-4431-4CB4-9FFF-007E021B06FF}.Debug|Any CPU.Build.0 = Debug|Any CPU
		{21305F7D-4431-4CB4-9FFF-007E021B06FF}.Release|Any CPU.ActiveCfg = Release|Any CPU
		{21305F7D-4431-4CB4-9FFF-007E021B06FF}.Release|Any CPU.Build.0 = Release|Any CPU
	EndGlobalSection
	GlobalSection(SolutionProperties) = preSolution
		HideSolutionNode = FALSE
	EndGlobalSection
	GlobalSection(ExtensibilityGlobals) = postSolution
		SolutionGuid = {24B3E190-C1E4-4A45-B78A-1C67574E6F89}
	EndGlobalSection
EndGlobal
